
Microsoft Visual Studio Solution File, Format Version 12.00
# Visual Studio Version 17
VisualStudioVersion = 17.14.36518.9
MinimumVisualStudioVersion = 10.0.40219.1
Project("{FAE04EC0-301F-11D3-BF4B-00C04F79EFBC}") = "TracksHeatmap", "TracksHeatmap\TracksHeatmap.csproj", "{313678AE-51E5-B9B3-2C35-DC4CBEA3D522}"
EndProject
Global
	GlobalSection(SolutionConfigurationPlatforms) = preSolution
		Debug|Any CPU = Debug|Any CPU
		Release|Any CPU = Release|Any CPU
	EndGlobalSection
	GlobalSection(ProjectConfigurationPlatforms) = postSolution
		{313678AE-51E5-B9B3-2C35-DC4CBEA3D522}.Debug|Any CPU.ActiveCfg = Debug|Any CPU
		{313678AE-51E5-B9B3-2C35-DC4CBEA3D522}.Debug|Any CPU.Build.0 = Debug|Any CPU
		{313678AE-51E5-B9B3-2C35-DC4CBEA3D522}.Release|Any CPU.ActiveCfg = Release|Any CPU
		{313678AE-51E5-B9B3-2C35-DC4CBEA3D522}.Release|Any CPU.Build.0 = Release|Any CPU
	EndGlobalSection
	GlobalSection(SolutionProperties) = preSolution
		HideSolutionNode = FALSE
	EndGlobalSection
	GlobalSection(ExtensibilityGlobals) = postSolution
		SolutionGuid = {6BF3BF0A-1788-4F3D-8C93-11D754DBDB63}
	EndGlobalSection
EndGlobal
