
Microsoft Visual Studio Solution File, Format Version 12.00
# Visual Studio Version 17
VisualStudioVersion = 17.14.36518.9 d17.14
MinimumVisualStudioVersion = 10.0.40219.1
Project("{FAE04EC0-301F-11D3-BF4B-00C04F79EFBC}") = "TracksHeatmap", "TracksHeatmap\TracksHeatmap.csproj", "{8F562452-20ED-48EB-B7DC-02DA053A88FD}"
EndProject
Global
	GlobalSection(SolutionConfigurationPlatforms) = preSolution
		Debug|x64 = Debug|x64
		Release|x64 = Release|x64
	EndGlobalSection
	GlobalSection(ProjectConfigurationPlatforms) = postSolution
		{8F562452-20ED-48EB-B7DC-02DA053A88FD}.Debug|x64.ActiveCfg = Release|x64
		{8F562452-20ED-48EB-B7DC-02DA053A88FD}.Debug|x64.Build.0 = Release|x64
		{8F562452-20ED-48EB-B7DC-02DA053A88FD}.Release|x64.ActiveCfg = Release|x64
		{8F562452-20ED-48EB-B7DC-02DA053A88FD}.Release|x64.Build.0 = Release|x64
	EndGlobalSection
	GlobalSection(SolutionProperties) = preSolution
		HideSolutionNode = FALSE
	EndGlobalSection
	GlobalSection(ExtensibilityGlobals) = postSolution
		SolutionGuid = {6BF3BF0A-1788-4F3D-8C93-11D754DBDB63}
	EndGlobalSection
EndGlobal
